// !$*UTF8*$!
{
	archiveVersion = 1;
	classes = {
	};
	objectVersion = 50;
	objects = {

/* Begin PBXBuildFile section */
		84911AF821905CBB001F3407 /* AppDelegate.swift in Sources */ = {isa = PBXBuildFile; fileRef = 84911AF721905CBB001F3407 /* AppDelegate.swift */; };
		84911AFA21905CBB001F3407 /* ViewController.swift in Sources */ = {isa = PBXBuildFile; fileRef = 84911AF921905CBB001F3407 /* ViewController.swift */; };
		84911AFD21905CBB001F3407 /* Main.storyboard in Resources */ = {isa = PBXBuildFile; fileRef = 84911AFB21905CBB001F3407 /* Main.storyboard */; };
		84911B0021905CBB001F3407 /* DemoCoredataAggregates.xcdatamodeld in Sources */ = {isa = PBXBuildFile; fileRef = 84911AFE21905CBB001F3407 /* DemoCoredataAggregates.xcdatamodeld */; };
		84911B0221905CC2001F3407 /* Assets.xcassets in Resources */ = {isa = PBXBuildFile; fileRef = 84911B0121905CC2001F3407 /* Assets.xcassets */; };
		84911B0521905CC2001F3407 /* LaunchScreen.storyboard in Resources */ = {isa = PBXBuildFile; fileRef = 84911B0321905CC2001F3407 /* LaunchScreen.storyboard */; };
/* End PBXBuildFile section */

/* Begin PBXFileReference section */
		84911AF421905CBB001F3407 /* DemoCoredataAggregates.app */ = {isa = PBXFileReference; explicitFileType = wrapper.application; includeInIndex = 0; path = DemoCoredataAggregates.app; sourceTree = BUILT_PRODUCTS_DIR; };
		84911AF721905CBB001F3407 /* AppDelegate.swift */ = {isa = PBXFileReference; lastKnownFileType = sourcecode.swift; path = AppDelegate.swift; sourceTree = "<group>"; };
		84911AF921905CBB001F3407 /* ViewController.swift */ = {isa = PBXFileReference; lastKnownFileType = sourcecode.swift; path = ViewController.swift; sourceTree = "<group>"; };
		84911AFC21905CBB001F3407 /* Base */ = {isa = PBXFileReference; lastKnownFileType = file.storyboard; name = Base; path = Base.lproj/Main.storyboard; sourceTree = "<group>"; };
		84911AFF21905CBB001F3407 /* DemoCoredataAggregates.xcdatamodel */ = {isa = PBXFileReference; lastKnownFileType = wrapper.xcdatamodel; path = DemoCoredataAggregates.xcdatamodel; sourceTree = "<group>"; };
		84911B0121905CC2001F3407 /* Assets.xcassets */ = {isa = PBXFileReference; lastKnownFileType = folder.assetcatalog; path = Assets.xcassets; sourceTree = "<group>"; };
		84911B0421905CC2001F3407 /* Base */ = {isa = PBXFileReference; lastKnownFileType = file.storyboard; name = Base; path = Base.lproj/LaunchScreen.storyboard; sourceTree = "<group>"; };
		84911B0621905CC2001F3407 /* Info.plist */ = {isa = PBXFileReference; lastKnownFileType = text.plist.xml; path = Info.plist; sourceTree = "<group>"; };
/* End PBXFileReference section */

/* Begin PBXFrameworksBuildPhase section */
		84911AF121905CBB001F3407 /* Frameworks */ = {
			isa = PBXFrameworksBuildPhase;
			buildActionMask = 2147483647;
			files = (
			);
			runOnlyForDeploymentPostprocessing = 0;
		};
/* End PBXFrameworksBuildPhase section */

/* Begin PBXGroup section */
		84911AEB21905CBB001F3407 = {
			isa = PBXGroup;
			children = (
				84911AF621905CBB001F3407 /* DemoCoredataAggregates */,
				84911AF521905CBB001F3407 /* Products */,
			);
			sourceTree = "<group>";
		};
		84911AF521905CBB001F3407 /* Products */ = {
			isa = PBXGroup;
			children = (
				84911AF421905CBB001F3407 /* DemoCoredataAggregates.app */,
			);
			name = Products;
			sourceTree = "<group>";
		};
		84911AF621905CBB001F3407 /* DemoCoredataAggregates */ = {
			isa = PBXGroup;
			children = (
				84911AF721905CBB001F3407 /* AppDelegate.swift */,
				84911AF921905CBB001F3407 /* ViewController.swift */,
				84911AFB21905CBB001F3407 /* Main.storyboard */,
				84911B0121905CC2001F3407 /* Assets.xcassets */,
				84911B0321905CC2001F3407 /* LaunchScreen.storyboard */,
				84911B0621905CC2001F3407 /* Info.plist */,
				84911AFE21905CBB001F3407 /* DemoCoredataAggregates.xcdatamodeld */,
			);
			path = DemoCoredataAggregates;
			sourceTree = "<group>";
		};
/* End PBXGroup section */

/* Begin PBXNativeTarget section */
		84911AF321905CBB001F3407 /* DemoCoredataAggregates */ = {
			isa = PBXNativeTarget;
			buildConfigurationList = 84911B0921905CC2001F3407 /* Build configuration list for PBXNativeTarget "DemoCoredataAggregates" */;
			buildPhases = (
				84911AF021905CBB001F3407 /* Sources */,
				84911AF121905CBB001F3407 /* Frameworks */,
				84911AF221905CBB001F3407 /* Resources */,
			);
			buildRules = (
			);
			dependencies = (
			);
			name = DemoCoredataAggregates;
			productName = DemoCoredataAggregates;
			productReference = 84911AF421905CBB001F3407 /* DemoCoredataAggregates.app */;
			productType = "com.apple.product-type.application";
		};
/* End PBXNativeTarget section */

/* Begin PBXProject section */
		84911AEC21905CBB001F3407 /* Project object */ = {
			isa = PBXProject;
			attributes = {
				LastSwiftUpdateCheck = 1000;
				LastUpgradeCheck = 1000;
				ORGANIZATIONNAME = "Rajeshnath Chyarngayil Vishwanath";
				TargetAttributes = {
					84911AF321905CBB001F3407 = {
						CreatedOnToolsVersion = 10.0;
					};
				};
			};
			buildConfigurationList = 84911AEF21905CBB001F3407 /* Build configuration list for PBXProject "DemoCoredataAggregates" */;
			compatibilityVersion = "Xcode 9.3";
			developmentRegion = en;
			hasScannedForEncodings = 0;
			knownRegions = (
				en,
				Base,
			);
			mainGroup = 84911AEB21905CBB001F3407;
			productRefGroup = 84911AF521905CBB001F3407 /* Products */;
			projectDirPath = "";
			projectRoot = "";
			targets = (
				84911AF321905CBB001F3407 /* DemoCoredataAggregates */,
			);
		};
/* End PBXProject section */

/* Begin PBXResourcesBuildPhase section */
		84911AF221905CBB001F3407 /* Resources */ = {
			isa = PBXResourcesBuildPhase;
			buildActionMask = 2147483647;
			files = (
				84911B0521905CC2001F3407 /* LaunchScreen.storyboard in Resources */,
				84911B0221905CC2001F3407 /* Assets.xcassets in Resources */,
				84911AFD21905CBB001F3407 /* Main.storyboard in Resources */,
			);
			runOnlyForDeploymentPostprocessing = 0;
		};
/* End PBXResourcesBuildPhase section */

/* Begin PBXSourcesBuildPhase section */
		84911AF021905CBB001F3407 /* Sources */ = {
			isa = PBXSourcesBuildPhase;
			buildActionMask = 2147483647;
			files = (
				84911AFA21905CBB001F3407 /* ViewController.swift in Sources */,
				84911B0021905CBB001F3407 /* DemoCoredataAggregates.xcdatamodeld in Sources */,
				84911AF821905CBB001F3407 /* AppDelegate.swift in Sources */,
			);
			runOnlyForDeploymentPostprocessing = 0;
		};
/* End PBXSourcesBuildPhase section */

/* Begin PBXVariantGroup section */
		84911AFB21905CBB001F3407 /* Main.storyboard */ = {
			isa = PBXVariantGroup;
			children = (
				84911AFC21905CBB001F3407 /* Base */,
			);
			name = Main.storyboard;
			sourceTree = "<group>";
		};
		84911B0321905CC2001F3407 /* LaunchScreen.storyboard */ = {
			isa = PBXVariantGroup;
			children = (
				84911B0421905CC2001F3407 /* Base */,
			);
			name = LaunchScreen.storyboard;
			sourceTree = "<group>";
		};
/* End PBXVariantGroup section */

/* Begin XCBuildConfiguration section */
		84911B0721905CC2001F3407 /* Debug */ = {
			isa = XCBuildConfiguration;
			buildSettings = {
				ALWAYS_SEARCH_USER_PATHS = NO;
				CLANG_ANALYZER_NONNULL = YES;
				CLANG_ANALYZER_NUMBER_OBJECT_CONVERSION = YES_AGGRESSIVE;
				CLANG_CXX_LANGUAGE_STANDARD = "gnu++14";
				CLANG_CXX_LIBRARY = "libc++";
				CLANG_ENABLE_MODULES = YES;
				CLANG_ENABLE_OBJC_ARC = YES;
				CLANG_ENABLE_OBJC_WEAK = YES;
				CLANG_WARN_BLOCK_CAPTURE_AUTORELEASING = YES;
				CLANG_WARN_BOOL_CONVERSION = YES;
				CLANG_WARN_COMMA = YES;
				CLANG_WARN_CONSTANT_CONVERSION = YES;
				CLANG_WARN_DEPRECATED_OBJC_IMPLEMENTATIONS = YES;
				CLANG_WARN_DIRECT_OBJC_ISA_USAGE = YES_ERROR;
				CLANG_WARN_DOCUMENTATION_COMMENTS = YES;
				CLANG_WARN_EMPTY_BODY = YES;
				CLANG_WARN_ENUM_CONVERSION = YES;
				CLANG_WARN_INFINITE_RECURSION = YES;
				CLANG_WARN_INT_CONVERSION = YES;
				CLANG_WARN_NON_LITERAL_NULL_CONVERSION = YES;
				CLANG_WARN_OBJC_IMPLICIT_RETAIN_SELF = YES;
				CLANG_WARN_OBJC_LITERAL_CONVERSION = YES;
				CLANG_WARN_OBJC_ROOT_CLASS = YES_ERROR;
				CLANG_WARN_RANGE_LOOP_ANALYSIS = YES;
				CLANG_WARN_STRICT_PROTOTYPES = YES;
				CLANG_WARN_SUSPICIOUS_MOVE = YES;
				CLANG_WARN_UNGUARDED_AVAILABILITY = YES_AGGRESSIVE;
				CLANG_WARN_UNREACHABLE_CODE = YES;
				CLANG_WARN__DUPLICATE_METHOD_MATCH = YES;
				CODE_SIGN_IDENTITY = "iPhone Developer";
				COPY_PHASE_STRIP = NO;
				DEBUG_INFORMATION_FORMAT = dwarf;
				ENABLE_STRICT_OBJC_MSGSEND = YES;
				ENABLE_TESTABILITY = YES;
				GCC_C_LANGUAGE_STANDARD = gnu11;
				GCC_DYNAMIC_NO_PIC = NO;
				GCC_NO_COMMON_BLOCKS = YES;
				GCC_OPTIMIZATION_LEVEL = 0;
				GCC_PREPROCESSOR_DEFINITIONS = (
					"DEBUG=1",
					"$(inherited)",
				);
				GCC_WARN_64_TO_32_BIT_CONVERSION = YES;
				GCC_WARN_ABOUT_RETURN_TYPE = YES_ERROR;
				GCC_WARN_UNDECLARED_SELECTOR = YES;
				GCC_WARN_UNINITIALIZED_AUTOS = YES_AGGRESSIVE;
				GCC_WARN_UNUSED_FUNCTION = YES;
				GCC_WARN_UNUSED_VARIABLE = YES;
				IPHONEOS_DEPLOYMENT_TARGET = 12.0;
				MTL_ENABLE_DEBUG_INFO = INCLUDE_SOURCE;
				MTL_FAST_MATH = YES;
				ONLY_ACTIVE_ARCH = YES;
				SDKROOT = iphoneos;
				SWIFT_ACTIVE_COMPILATION_CONDITIONS = DEBUG;
				SWIFT_OPTIMIZATION_LEVEL = "-Onone";
			};
			name = Debug;
		};
		84911B0821905CC2001F3407 /* Release */ = {
			isa = XCBuildConfiguration;
			buildSettings = {
				ALWAYS_SEARCH_USER_PATHS = NO;
				CLANG_ANALYZER_NONNULL = YES;
				CLANG_ANALYZER_NUMBER_OBJECT_CONVERSION = YES_AGGRESSIVE;
				CLANG_CXX_LANGUAGE_STANDARD = "gnu++14";
				CLANG_CXX_LIBRARY = "libc++";
				CLANG_ENABLE_MODULES = YES;
				CLANG_ENABLE_OBJC_ARC = YES;
				CLANG_ENABLE_OBJC_WEAK = YES;
				CLANG_WARN_BLOCK_CAPTURE_AUTORELEASING = YES;
				CLANG_WARN_BOOL_CONVERSION = YES;
				CLANG_WARN_COMMA = YES;
				CLANG_WARN_CONSTANT_CONVERSION = YES;
				CLANG_WARN_DEPRECATED_OBJC_IMPLEMENTATIONS = YES;
				CLANG_WARN_DIRECT_OBJC_ISA_USAGE = YES_ERROR;
				CLANG_WARN_DOCUMENTATION_COMMENTS = YES;
				CLANG_WARN_EMPTY_BODY = YES;
				CLANG_WARN_ENUM_CONVERSION = YES;
				CLANG_WARN_INFINITE_RECURSION = YES;
				CLANG_WARN_INT_CONVERSION = YES;
				CLANG_WARN_NON_LITERAL_NULL_CONVERSION = YES;
				CLANG_WARN_OBJC_IMPLICIT_RETAIN_SELF = YES;
				CLANG_WARN_OBJC_LITERAL_CONVERSION = YES;
				CLANG_WARN_OBJC_ROOT_CLASS = YES_ERROR;
				CLANG_WARN_RANGE_LOOP_ANALYSIS = YES;
				CLANG_WARN_STRICT_PROTOTYPES = YES;
				CLANG_WARN_SUSPICIOUS_MOVE = YES;
				CLANG_WARN_UNGUARDED_AVAILABILITY = YES_AGGRESSIVE;
				CLANG_WARN_UNREACHABLE_CODE = YES;
				CLANG_WARN__DUPLICATE_METHOD_MATCH = YES;
				CODE_SIGN_IDENTITY = "iPhone Developer";
				COPY_PHASE_STRIP = NO;
				DEBUG_INFORMATION_FORMAT = "dwarf-with-dsym";
				ENABLE_NS_ASSERTIONS = NO;
				ENABLE_STRICT_OBJC_MSGSEND = YES;
				GCC_C_LANGUAGE_STANDARD = gnu11;
				GCC_NO_COMMON_BLOCKS = YES;
				GCC_WARN_64_TO_32_BIT_CONVERSION = YES;
				GCC_WARN_ABOUT_RETURN_TYPE = YES_ERROR;
				GCC_WARN_UNDECLARED_SELECTOR = YES;
				GCC_WARN_UNINITIALIZED_AUTOS = YES_AGGRESSIVE;
				GCC_WARN_UNUSED_FUNCTION = YES;
				GCC_WARN_UNUSED_VARIABLE = YES;
				IPHONEOS_DEPLOYMENT_TARGET = 12.0;
				MTL_ENABLE_DEBUG_INFO = NO;
				MTL_FAST_MATH = YES;
				SDKROOT = iphoneos;
				SWIFT_COMPILATION_MODE = wholemodule;
				SWIFT_OPTIMIZATION_LEVEL = "-O";
				VALIDATE_PRODUCT = YES;
			};
			name = Release;
		};
		84911B0A21905CC2001F3407 /* Debug */ = {
			isa = XCBuildConfiguration;
			buildSettings = {
				ASSETCATALOG_COMPILER_APPICON_NAME = AppIcon;
				CODE_SIGN_STYLE = Automatic;
				INFOPLIST_FILE = DemoCoredataAggregates/Info.plist;
				LD_RUNPATH_SEARCH_PATHS = (
					"$(inherited)",
					"@executable_path/Frameworks",
				);
				PRODUCT_BUNDLE_IDENTIFIER = com.iOSlearn.DemoCoredataAggregates;
				PRODUCT_NAME = "$(TARGET_NAME)";
				SWIFT_VERSION = 4.2;
				TARGETED_DEVICE_FAMILY = "1,2";
			};
			name = Debug;
		};
		84911B0B21905CC2001F3407 /* Release */ = {
			isa = XCBuildConfiguration;
			buildSettings = {
				ASSETCATALOG_COMPILER_APPICON_NAME = AppIcon;
				CODE_SIGN_STYLE = Automatic;
				INFOPLIST_FILE = DemoCoredataAggregates/Info.plist;
				LD_RUNPATH_SEARCH_PATHS = (
					"$(inherited)",
					"@executable_path/Frameworks",
				);
				PRODUCT_BUNDLE_IDENTIFIER = com.iOSlearn.DemoCoredataAggregates;
				PRODUCT_NAME = "$(TARGET_NAME)";
				SWIFT_VERSION = 4.2;
				TARGETED_DEVICE_FAMILY = "1,2";
			};
			name = Release;
		};
/* End XCBuildConfiguration section */

/* Begin XCConfigurationList section */
		84911AEF21905CBB001F3407 /* Build configuration list for PBXProject "DemoCoredataAggregates" */ = {
			isa = XCConfigurationList;
			buildConfigurations = (
				84911B0721905CC2001F3407 /* Debug */,
				84911B0821905CC2001F3407 /* Release */,
			);
			defaultConfigurationIsVisible = 0;
			defaultConfigurationName = Release;
		};
		84911B0921905CC2001F3407 /* Build configuration list for PBXNativeTarget "DemoCoredataAggregates" */ = {
			isa = XCConfigurationList;
			buildConfigurations = (
				84911B0A21905CC2001F3407 /* Debug */,
				84911B0B21905CC2001F3407 /* Release */,
			);
			defaultConfigurationIsVisible = 0;
			defaultConfigurationName = Release;
		};
/* End XCConfigurationList section */

/* Begin XCVersionGroup section */
		84911AFE21905CBB001F3407 /* DemoCoredataAggregates.xcdatamodeld */ = {
			isa = XCVersionGroup;
			children = (
				84911AFF21905CBB001F3407 /* DemoCoredataAggregates.xcdatamodel */,
			);
			currentVersion = 84911AFF21905CBB001F3407 /* DemoCoredataAggregates.xcdatamodel */;
			path = DemoCoredataAggregates.xcdatamodeld;
			sourceTree = "<group>";
			versionGroupType = wrapper.xcdatamodel;
		};
/* End XCVersionGroup section */
	};
	rootObject = 84911AEC21905CBB001F3407 /* Project object */;
}
